// !$*UTF8*$!
{
	archiveVersion = 1;
	classes = {
	};
	objectVersion = 56;
	objects = {

/* Begin PBXBuildFile section */
		BEC846002A13673400B8BE3F /* AppDelegate.swift in Sources */ = {isa = PBXBuildFile; fileRef = BEC845FF2A13673400B8BE3F /* AppDelegate.swift */; };
		BEC846022A13673400B8BE3F /* SceneDelegate.swift in Sources */ = {isa = PBXBuildFile; fileRef = BEC846012A13673400B8BE3F /* SceneDelegate.swift */; };
		BEC846042A13673400B8BE3F /* ViewController.swift in Sources */ = {isa = PBXBuildFile; fileRef = BEC846032A13673400B8BE3F /* ViewController.swift */; };
		BEC846072A13673400B8BE3F /* Main.storyboard in Resources */ = {isa = PBXBuildFile; fileRef = BEC846052A13673400B8BE3F /* Main.storyboard */; };
		BEC846092A13673500B8BE3F /* Assets.xcassets in Resources */ = {isa = PBXBuildFile; fileRef = BEC846082A13673500B8BE3F /* Assets.xcassets */; };
		BEC8460C2A13673500B8BE3F /* LaunchScreen.storyboard in Resources */ = {isa = PBXBuildFile; fileRef = BEC8460A2A13673500B8BE3F /* LaunchScreen.storyboard */; };
		BED8E2732A2F2ABD00E22FD5 /* Mapbox in Frameworks */ = {isa = PBXBuildFile; productRef = BED8E2722A2F2ABD00E22FD5 /* Mapbox */; };
		BED8E27A2A2F391000E22FD5 /* CustomView.storyboard in Resources */ = {isa = PBXBuildFile; fileRef = BED8E2772A2F391000E22FD5 /* CustomView.storyboard */; };
		BED8E27B2A2F391000E22FD5 /* CustomUINavigaitonController.swift in Sources */ = {isa = PBXBuildFile; fileRef = BED8E2782A2F391000E22FD5 /* CustomUINavigaitonController.swift */; };
		BED8E27C2A2F391000E22FD5 /* CustomUIView.swift in Sources */ = {isa = PBXBuildFile; fileRef = BED8E2792A2F391000E22FD5 /* CustomUIView.swift */; };
		BEE0EA002A17717300CC346B /* MapboxSpeech.xcframework in Frameworks */ = {isa = PBXBuildFile; fileRef = BEE0E9F72A17714300CC346B /* MapboxSpeech.xcframework */; };
		BEE0EA012A17717300CC346B /* MapboxSpeech.xcframework in Embed Frameworks */ = {isa = PBXBuildFile; fileRef = BEE0E9F72A17714300CC346B /* MapboxSpeech.xcframework */; settings = {ATTRIBUTES = (CodeSignOnCopy, RemoveHeadersOnCopy, ); }; };
		BEE0EA022A17718900CC346B /* Polyline.xcframework in Frameworks */ = {isa = PBXBuildFile; fileRef = BEE0E9F32A17714200CC346B /* Polyline.xcframework */; };
		BEE0EA032A17718900CC346B /* Polyline.xcframework in Embed Frameworks */ = {isa = PBXBuildFile; fileRef = BEE0E9F32A17714200CC346B /* Polyline.xcframework */; settings = {ATTRIBUTES = (CodeSignOnCopy, RemoveHeadersOnCopy, ); }; };
		BEE0EA042A1771A500CC346B /* MapboxCoreNavigation.xcframework in Frameworks */ = {isa = PBXBuildFile; fileRef = BEE0E9F02A17714200CC346B /* MapboxCoreNavigation.xcframework */; };
		BEE0EA052A1771A500CC346B /* MapboxCoreNavigation.xcframework in Embed Frameworks */ = {isa = PBXBuildFile; fileRef = BEE0E9F02A17714200CC346B /* MapboxCoreNavigation.xcframework */; settings = {ATTRIBUTES = (CodeSignOnCopy, RemoveHeadersOnCopy, ); }; };
		BEE0EA062A1771A600CC346B /* MapboxDirections.xcframework in Frameworks */ = {isa = PBXBuildFile; fileRef = BEE0E9F62A17714300CC346B /* MapboxDirections.xcframework */; };
		BEE0EA072A1771A600CC346B /* MapboxDirections.xcframework in Embed Frameworks */ = {isa = PBXBuildFile; fileRef = BEE0E9F62A17714300CC346B /* MapboxDirections.xcframework */; settings = {ATTRIBUTES = (CodeSignOnCopy, RemoveHeadersOnCopy, ); }; };
		BEE0EA082A1771A800CC346B /* MapboxGeocoder.xcframework in Frameworks */ = {isa = PBXBuildFile; fileRef = BEE0E9F42A17714300CC346B /* MapboxGeocoder.xcframework */; };
		BEE0EA092A1771A800CC346B /* MapboxGeocoder.xcframework in Embed Frameworks */ = {isa = PBXBuildFile; fileRef = BEE0E9F42A17714300CC346B /* MapboxGeocoder.xcframework */; settings = {ATTRIBUTES = (CodeSignOnCopy, RemoveHeadersOnCopy, ); }; };
		BEE0EA0A2A1771A900CC346B /* MapboxNavigation.xcframework in Frameworks */ = {isa = PBXBuildFile; fileRef = BEE0E9F12A17714200CC346B /* MapboxNavigation.xcframework */; };
		BEE0EA0B2A1771A900CC346B /* MapboxNavigation.xcframework in Embed Frameworks */ = {isa = PBXBuildFile; fileRef = BEE0E9F12A17714200CC346B /* MapboxNavigation.xcframework */; settings = {ATTRIBUTES = (CodeSignOnCopy, RemoveHeadersOnCopy, ); }; };
		BEE0EA0C2A1771AA00CC346B /* Solar.xcframework in Frameworks */ = {isa = PBXBuildFile; fileRef = BEE0E9F22A17714200CC346B /* Solar.xcframework */; };
		BEE0EA0D2A1771AA00CC346B /* Solar.xcframework in Embed Frameworks */ = {isa = PBXBuildFile; fileRef = BEE0E9F22A17714200CC346B /* Solar.xcframework */; settings = {ATTRIBUTES = (CodeSignOnCopy, RemoveHeadersOnCopy, ); }; };
		BEE0EA0E2A1771AC00CC346B /* Turf.xcframework in Frameworks */ = {isa = PBXBuildFile; fileRef = BEE0E9F52A17714300CC346B /* Turf.xcframework */; };
		BEE0EA0F2A1771AC00CC346B /* Turf.xcframework in Embed Frameworks */ = {isa = PBXBuildFile; fileRef = BEE0E9F52A17714300CC346B /* Turf.xcframework */; settings = {ATTRIBUTES = (CodeSignOnCopy, RemoveHeadersOnCopy, ); }; };
/* End PBXBuildFile section */

/* Begin PBXCopyFilesBuildPhase section */
		BEC846432A14DE0400B8BE3F /* Embed Frameworks */ = {
			isa = PBXCopyFilesBuildPhase;
			buildActionMask = 2147483647;
			dstPath = "";
			dstSubfolderSpec = 10;
			files = (
				BEE0EA0F2A1771AC00CC346B /* Turf.xcframework in Embed Frameworks */,
				BEE0EA0B2A1771A900CC346B /* MapboxNavigation.xcframework in Embed Frameworks */,
				BEE0EA0D2A1771AA00CC346B /* Solar.xcframework in Embed Frameworks */,
				BEE0EA012A17717300CC346B /* MapboxSpeech.xcframework in Embed Frameworks */,
				BEE0EA052A1771A500CC346B /* MapboxCoreNavigation.xcframework in Embed Frameworks */,
				BEE0EA072A1771A600CC346B /* MapboxDirections.xcframework in Embed Frameworks */,
				BEE0EA092A1771A800CC346B /* MapboxGeocoder.xcframework in Embed Frameworks */,
				BEE0EA032A17718900CC346B /* Polyline.xcframework in Embed Frameworks */,
			);
			name = "Embed Frameworks";
			runOnlyForDeploymentPostprocessing = 0;
		};
/* End PBXCopyFilesBuildPhase section */

/* Begin PBXFileReference section */
		BEC845FC2A13673400B8BE3F /* NavigationSample.app */ = {isa = PBXFileReference; explicitFileType = wrapper.application; includeInIndex = 0; path = NavigationSample.app; sourceTree = BUILT_PRODUCTS_DIR; };
		BEC845FF2A13673400B8BE3F /* AppDelegate.swift */ = {isa = PBXFileReference; lastKnownFileType = sourcecode.swift; path = AppDelegate.swift; sourceTree = "<group>"; };
		BEC846012A13673400B8BE3F /* SceneDelegate.swift */ = {isa = PBXFileReference; lastKnownFileType = sourcecode.swift; path = SceneDelegate.swift; sourceTree = "<group>"; };
		BEC846032A13673400B8BE3F /* ViewController.swift */ = {isa = PBXFileReference; lastKnownFileType = sourcecode.swift; path = ViewController.swift; sourceTree = "<group>"; };
		BEC846062A13673400B8BE3F /* Base */ = {isa = PBXFileReference; lastKnownFileType = file.storyboard; name = Base; path = Base.lproj/Main.storyboard; sourceTree = "<group>"; };
		BEC846082A13673500B8BE3F /* Assets.xcassets */ = {isa = PBXFileReference; lastKnownFileType = folder.assetcatalog; path = Assets.xcassets; sourceTree = "<group>"; };
		BEC8460B2A13673500B8BE3F /* Base */ = {isa = PBXFileReference; lastKnownFileType = file.storyboard; name = Base; path = Base.lproj/LaunchScreen.storyboard; sourceTree = "<group>"; };
		BEC8460D2A13673500B8BE3F /* Info.plist */ = {isa = PBXFileReference; lastKnownFileType = text.plist.xml; path = Info.plist; sourceTree = "<group>"; };
		BED8E2772A2F391000E22FD5 /* CustomView.storyboard */ = {isa = PBXFileReference; fileEncoding = 4; lastKnownFileType = file.storyboard; path = CustomView.storyboard; sourceTree = "<group>"; };
		BED8E2782A2F391000E22FD5 /* CustomUINavigaitonController.swift */ = {isa = PBXFileReference; fileEncoding = 4; lastKnownFileType = sourcecode.swift; path = CustomUINavigaitonController.swift; sourceTree = "<group>"; };
		BED8E2792A2F391000E22FD5 /* CustomUIView.swift */ = {isa = PBXFileReference; fileEncoding = 4; lastKnownFileType = sourcecode.swift; path = CustomUIView.swift; sourceTree = "<group>"; };
		BEE0E9F02A17714200CC346B /* MapboxCoreNavigation.xcframework */ = {isa = PBXFileReference; lastKnownFileType = wrapper.xcframework; name = MapboxCoreNavigation.xcframework; path = Carthage/Build/MapboxCoreNavigation.xcframework; sourceTree = SOURCE_ROOT; };
		BEE0E9F12A17714200CC346B /* MapboxNavigation.xcframework */ = {isa = PBXFileReference; lastKnownFileType = wrapper.xcframework; name = MapboxNavigation.xcframework; path = Carthage/Build/MapboxNavigation.xcframework; sourceTree = SOURCE_ROOT; };
		BEE0E9F22A17714200CC346B /* Solar.xcframework */ = {isa = PBXFileReference; lastKnownFileType = wrapper.xcframework; name = Solar.xcframework; path = Carthage/Build/Solar.xcframework; sourceTree = SOURCE_ROOT; };
		BEE0E9F32A17714200CC346B /* Polyline.xcframework */ = {isa = PBXFileReference; lastKnownFileType = wrapper.xcframework; name = Polyline.xcframework; path = Carthage/Build/Polyline.xcframework; sourceTree = SOURCE_ROOT; };
		BEE0E9F42A17714300CC346B /* MapboxGeocoder.xcframework */ = {isa = PBXFileReference; lastKnownFileType = wrapper.xcframework; name = MapboxGeocoder.xcframework; path = Carthage/Build/MapboxGeocoder.xcframework; sourceTree = SOURCE_ROOT; };
		BEE0E9F52A17714300CC346B /* Turf.xcframework */ = {isa = PBXFileReference; lastKnownFileType = wrapper.xcframework; name = Turf.xcframework; path = Carthage/Build/Turf.xcframework; sourceTree = SOURCE_ROOT; };
		BEE0E9F62A17714300CC346B /* MapboxDirections.xcframework */ = {isa = PBXFileReference; lastKnownFileType = wrapper.xcframework; name = MapboxDirections.xcframework; path = Carthage/Build/MapboxDirections.xcframework; sourceTree = SOURCE_ROOT; };
		BEE0E9F72A17714300CC346B /* MapboxSpeech.xcframework */ = {isa = PBXFileReference; lastKnownFileType = wrapper.xcframework; name = MapboxSpeech.xcframework; path = Carthage/Build/MapboxSpeech.xcframework; sourceTree = SOURCE_ROOT; };
/* End PBXFileReference section */

/* Begin PBXFrameworksBuildPhase section */
		BEC845F92A13673400B8BE3F /* Frameworks */ = {
			isa = PBXFrameworksBuildPhase;
			buildActionMask = 2147483647;
			files = (
				BED8E2732A2F2ABD00E22FD5 /* Mapbox in Frameworks */,
				BEE0EA0C2A1771AA00CC346B /* Solar.xcframework in Frameworks */,
				BEE0EA002A17717300CC346B /* MapboxSpeech.xcframework in Frameworks */,
				BEE0EA042A1771A500CC346B /* MapboxCoreNavigation.xcframework in Frameworks */,
				BEE0EA062A1771A600CC346B /* MapboxDirections.xcframework in Frameworks */,
				BEE0EA022A17718900CC346B /* Polyline.xcframework in Frameworks */,
				BEE0EA0A2A1771A900CC346B /* MapboxNavigation.xcframework in Frameworks */,
				BEE0EA0E2A1771AC00CC346B /* Turf.xcframework in Frameworks */,
				BEE0EA082A1771A800CC346B /* MapboxGeocoder.xcframework in Frameworks */,
			);
			runOnlyForDeploymentPostprocessing = 0;
		};
/* End PBXFrameworksBuildPhase section */

/* Begin PBXGroup section */
		BEC845F32A13673400B8BE3F = {
			isa = PBXGroup;
			children = (
				BEC846172A136E2900B8BE3F /* Frameworks */,
				BEC845FE2A13673400B8BE3F /* NavigationSample */,
				BEC845FD2A13673400B8BE3F /* Products */,
			);
			sourceTree = "<group>";
		};
		BEC845FD2A13673400B8BE3F /* Products */ = {
			isa = PBXGroup;
			children = (
				BEC845FC2A13673400B8BE3F /* NavigationSample.app */,
			);
			name = Products;
			sourceTree = "<group>";
		};
		BEC845FE2A13673400B8BE3F /* NavigationSample */ = {
			isa = PBXGroup;
			children = (
				BED8E2762A2F390200E22FD5 /* CustomUI */,
				BEC845FF2A13673400B8BE3F /* AppDelegate.swift */,
				BEC846012A13673400B8BE3F /* SceneDelegate.swift */,
				BEC846032A13673400B8BE3F /* ViewController.swift */,
				BEC846052A13673400B8BE3F /* Main.storyboard */,
				BEC846082A13673500B8BE3F /* Assets.xcassets */,
				BEC8460A2A13673500B8BE3F /* LaunchScreen.storyboard */,
				BEC8460D2A13673500B8BE3F /* Info.plist */,
			);
			path = NavigationSample;
			sourceTree = "<group>";
		};
		BEC846172A136E2900B8BE3F /* Frameworks */ = {
			isa = PBXGroup;
			children = (
				BEE0E9F02A17714200CC346B /* MapboxCoreNavigation.xcframework */,
				BEE0E9F62A17714300CC346B /* MapboxDirections.xcframework */,
				BEE0E9F42A17714300CC346B /* MapboxGeocoder.xcframework */,
				BEE0E9F12A17714200CC346B /* MapboxNavigation.xcframework */,
				BEE0E9F72A17714300CC346B /* MapboxSpeech.xcframework */,
				BEE0E9F32A17714200CC346B /* Polyline.xcframework */,
				BEE0E9F22A17714200CC346B /* Solar.xcframework */,
				BEE0E9F52A17714300CC346B /* Turf.xcframework */,
			);
			path = Frameworks;
			sourceTree = "<group>";
		};
		BED8E2762A2F390200E22FD5 /* CustomUI */ = {
			isa = PBXGroup;
			children = (
				BED8E2782A2F391000E22FD5 /* CustomUINavigaitonController.swift */,
				BED8E2792A2F391000E22FD5 /* CustomUIView.swift */,
				BED8E2772A2F391000E22FD5 /* CustomView.storyboard */,
			);
			path = CustomUI;
			sourceTree = "<group>";
		};
/* End PBXGroup section */

/* Begin PBXNativeTarget section */
		BEC845FB2A13673400B8BE3F /* NavigationSample */ = {
			isa = PBXNativeTarget;
			buildConfigurationList = BEC846102A13673500B8BE3F /* Build configuration list for PBXNativeTarget "NavigationSample" */;
			buildPhases = (
				BEC845F82A13673400B8BE3F /* Sources */,
				BEC845F92A13673400B8BE3F /* Frameworks */,
				BEC845FA2A13673400B8BE3F /* Resources */,
				BEC846432A14DE0400B8BE3F /* Embed Frameworks */,
			);
			buildRules = (
			);
			dependencies = (
			);
			name = NavigationSample;
			packageProductDependencies = (
				BED8E2722A2F2ABD00E22FD5 /* Mapbox */,
			);
			productName = NavigationSample;
			productReference = BEC845FC2A13673400B8BE3F /* NavigationSample.app */;
			productType = "com.apple.product-type.application";
		};
/* End PBXNativeTarget section */

/* Begin PBXProject section */
		BEC845F42A13673400B8BE3F /* Project object */ = {
			isa = PBXProject;
			attributes = {
				BuildIndependentTargetsInParallel = 1;
				LastSwiftUpdateCheck = 1430;
				LastUpgradeCheck = 1430;
				TargetAttributes = {
					BEC845FB2A13673400B8BE3F = {
						CreatedOnToolsVersion = 14.3;
					};
				};
			};
			buildConfigurationList = BEC845F72A13673400B8BE3F /* Build configuration list for PBXProject "NavigationSample" */;
			compatibilityVersion = "Xcode 14.0";
			developmentRegion = en;
			hasScannedForEncodings = 0;
			knownRegions = (
				en,
				Base,
			);
			mainGroup = BEC845F32A13673400B8BE3F;
			packageReferences = (
				BED8E2712A2F2ABD00E22FD5 /* XCRemoteSwiftPackageReference "maps-sdk-ios" */,
			);
			productRefGroup = BEC845FD2A13673400B8BE3F /* Products */;
			projectDirPath = "";
			projectRoot = "";
			targets = (
				BEC845FB2A13673400B8BE3F /* NavigationSample */,
			);
		};
/* End PBXProject section */

/* Begin PBXResourcesBuildPhase section */
		BEC845FA2A13673400B8BE3F /* Resources */ = {
			isa = PBXResourcesBuildPhase;
			buildActionMask = 2147483647;
			files = (
				BEC8460C2A13673500B8BE3F /* LaunchScreen.storyboard in Resources */,
				BEC846092A13673500B8BE3F /* Assets.xcassets in Resources */,
				BED8E27A2A2F391000E22FD5 /* CustomView.storyboard in Resources */,
				BEC846072A13673400B8BE3F /* Main.storyboard in Resources */,
			);
			runOnlyForDeploymentPostprocessing = 0;
		};
/* End PBXResourcesBuildPhase section */

/* Begin PBXSourcesBuildPhase section */
		BEC845F82A13673400B8BE3F /* Sources */ = {
			isa = PBXSourcesBuildPhase;
			buildActionMask = 2147483647;
			files = (
				BEC846042A13673400B8BE3F /* ViewController.swift in Sources */,
				BED8E27C2A2F391000E22FD5 /* CustomUIView.swift in Sources */,
				BEC846002A13673400B8BE3F /* AppDelegate.swift in Sources */,
				BED8E27B2A2F391000E22FD5 /* CustomUINavigaitonController.swift in Sources */,
				BEC846022A13673400B8BE3F /* SceneDelegate.swift in Sources */,
			);
			runOnlyForDeploymentPostprocessing = 0;
		};
/* End PBXSourcesBuildPhase section */

/* Begin PBXVariantGroup section */
		BEC846052A13673400B8BE3F /* Main.storyboard */ = {
			isa = PBXVariantGroup;
			children = (
				BEC846062A13673400B8BE3F /* Base */,
			);
			name = Main.storyboard;
			sourceTree = "<group>";
		};
		BEC8460A2A13673500B8BE3F /* LaunchScreen.storyboard */ = {
			isa = PBXVariantGroup;
			children = (
				BEC8460B2A13673500B8BE3F /* Base */,
			);
			name = LaunchScreen.storyboard;
			sourceTree = "<group>";
		};
/* End PBXVariantGroup section */

/* Begin XCBuildConfiguration section */
		BEC8460E2A13673500B8BE3F /* Debug */ = {
			isa = XCBuildConfiguration;
			buildSettings = {
				ALWAYS_SEARCH_USER_PATHS = NO;
				CLANG_ANALYZER_NONNULL = YES;
				CLANG_ANALYZER_NUMBER_OBJECT_CONVERSION = YES_AGGRESSIVE;
				CLANG_CXX_LANGUAGE_STANDARD = "gnu++20";
				CLANG_ENABLE_MODULES = YES;
				CLANG_ENABLE_OBJC_ARC = YES;
				CLANG_ENABLE_OBJC_WEAK = YES;
				CLANG_WARN_BLOCK_CAPTURE_AUTORELEASING = YES;
				CLANG_WARN_BOOL_CONVERSION = YES;
				CLANG_WARN_COMMA = YES;
				CLANG_WARN_CONSTANT_CONVERSION = YES;
				CLANG_WARN_DEPRECATED_OBJC_IMPLEMENTATIONS = YES;
				CLANG_WARN_DIRECT_OBJC_ISA_USAGE = YES_ERROR;
				CLANG_WARN_DOCUMENTATION_COMMENTS = YES;
				CLANG_WARN_EMPTY_BODY = YES;
				CLANG_WARN_ENUM_CONVERSION = YES;
				CLANG_WARN_INFINITE_RECURSION = YES;
				CLANG_WARN_INT_CONVERSION = YES;
				CLANG_WARN_NON_LITERAL_NULL_CONVERSION = YES;
				CLANG_WARN_OBJC_IMPLICIT_RETAIN_SELF = YES;
				CLANG_WARN_OBJC_LITERAL_CONVERSION = YES;
				CLANG_WARN_OBJC_ROOT_CLASS = YES_ERROR;
				CLANG_WARN_QUOTED_INCLUDE_IN_FRAMEWORK_HEADER = YES;
				CLANG_WARN_RANGE_LOOP_ANALYSIS = YES;
				CLANG_WARN_STRICT_PROTOTYPES = YES;
				CLANG_WARN_SUSPICIOUS_MOVE = YES;
				CLANG_WARN_UNGUARDED_AVAILABILITY = YES_AGGRESSIVE;
				CLANG_WARN_UNREACHABLE_CODE = YES;
				CLANG_WARN__DUPLICATE_METHOD_MATCH = YES;
				COPY_PHASE_STRIP = NO;
				DEBUG_INFORMATION_FORMAT = dwarf;
				ENABLE_STRICT_OBJC_MSGSEND = YES;
				ENABLE_TESTABILITY = YES;
				GCC_C_LANGUAGE_STANDARD = gnu11;
				GCC_DYNAMIC_NO_PIC = NO;
				GCC_NO_COMMON_BLOCKS = YES;
				GCC_OPTIMIZATION_LEVEL = 0;
				GCC_PREPROCESSOR_DEFINITIONS = (
					"DEBUG=1",
					"$(inherited)",
				);
				GCC_WARN_64_TO_32_BIT_CONVERSION = YES;
				GCC_WARN_ABOUT_RETURN_TYPE = YES_ERROR;
				GCC_WARN_UNDECLARED_SELECTOR = YES;
				GCC_WARN_UNINITIALIZED_AUTOS = YES_AGGRESSIVE;
				GCC_WARN_UNUSED_FUNCTION = YES;
				GCC_WARN_UNUSED_VARIABLE = YES;
				IPHONEOS_DEPLOYMENT_TARGET = 13.0;
				MTL_ENABLE_DEBUG_INFO = INCLUDE_SOURCE;
				MTL_FAST_MATH = YES;
				ONLY_ACTIVE_ARCH = YES;
				SDKROOT = iphoneos;
				SWIFT_ACTIVE_COMPILATION_CONDITIONS = DEBUG;
				SWIFT_OPTIMIZATION_LEVEL = "-Onone";
			};
			name = Debug;
		};
		BEC8460F2A13673500B8BE3F /* Release */ = {
			isa = XCBuildConfiguration;
			buildSettings = {
				ALWAYS_SEARCH_USER_PATHS = NO;
				CLANG_ANALYZER_NONNULL = YES;
				CLANG_ANALYZER_NUMBER_OBJECT_CONVERSION = YES_AGGRESSIVE;
				CLANG_CXX_LANGUAGE_STANDARD = "gnu++20";
				CLANG_ENABLE_MODULES = YES;
				CLANG_ENABLE_OBJC_ARC = YES;
				CLANG_ENABLE_OBJC_WEAK = YES;
				CLANG_WARN_BLOCK_CAPTURE_AUTORELEASING = YES;
				CLANG_WARN_BOOL_CONVERSION = YES;
				CLANG_WARN_COMMA = YES;
				CLANG_WARN_CONSTANT_CONVERSION = YES;
				CLANG_WARN_DEPRECATED_OBJC_IMPLEMENTATIONS = YES;
				CLANG_WARN_DIRECT_OBJC_ISA_USAGE = YES_ERROR;
				CLANG_WARN_DOCUMENTATION_COMMENTS = YES;
				CLANG_WARN_EMPTY_BODY = YES;
				CLANG_WARN_ENUM_CONVERSION = YES;
				CLANG_WARN_INFINITE_RECURSION = YES;
				CLANG_WARN_INT_CONVERSION = YES;
				CLANG_WARN_NON_LITERAL_NULL_CONVERSION = YES;
				CLANG_WARN_OBJC_IMPLICIT_RETAIN_SELF = YES;
				CLANG_WARN_OBJC_LITERAL_CONVERSION = YES;
				CLANG_WARN_OBJC_ROOT_CLASS = YES_ERROR;
				CLANG_WARN_QUOTED_INCLUDE_IN_FRAMEWORK_HEADER = YES;
				CLANG_WARN_RANGE_LOOP_ANALYSIS = YES;
				CLANG_WARN_STRICT_PROTOTYPES = YES;
				CLANG_WARN_SUSPICIOUS_MOVE = YES;
				CLANG_WARN_UNGUARDED_AVAILABILITY = YES_AGGRESSIVE;
				CLANG_WARN_UNREACHABLE_CODE = YES;
				CLANG_WARN__DUPLICATE_METHOD_MATCH = YES;
				COPY_PHASE_STRIP = NO;
				DEBUG_INFORMATION_FORMAT = "dwarf-with-dsym";
				ENABLE_NS_ASSERTIONS = NO;
				ENABLE_STRICT_OBJC_MSGSEND = YES;
				GCC_C_LANGUAGE_STANDARD = gnu11;
				GCC_NO_COMMON_BLOCKS = YES;
				GCC_WARN_64_TO_32_BIT_CONVERSION = YES;
				GCC_WARN_ABOUT_RETURN_TYPE = YES_ERROR;
				GCC_WARN_UNDECLARED_SELECTOR = YES;
				GCC_WARN_UNINITIALIZED_AUTOS = YES_AGGRESSIVE;
				GCC_WARN_UNUSED_FUNCTION = YES;
				GCC_WARN_UNUSED_VARIABLE = YES;
				IPHONEOS_DEPLOYMENT_TARGET = 13.0;
				MTL_ENABLE_DEBUG_INFO = NO;
				MTL_FAST_MATH = YES;
				SDKROOT = iphoneos;
				SWIFT_COMPILATION_MODE = wholemodule;
				SWIFT_OPTIMIZATION_LEVEL = "-O";
				VALIDATE_PRODUCT = YES;
			};
			name = Release;
		};
		BEC846112A13673500B8BE3F /* Debug */ = {
			isa = XCBuildConfiguration;
			buildSettings = {
				ASSETCATALOG_COMPILER_APPICON_NAME = AppIcon;
				ASSETCATALOG_COMPILER_GLOBAL_ACCENT_COLOR_NAME = AccentColor;
				CODE_SIGN_IDENTITY = "Apple Development";
				CODE_SIGN_STYLE = Automatic;
				CURRENT_PROJECT_VERSION = 1;
				DEVELOPMENT_TEAM = L276863CKR;
				GENERATE_INFOPLIST_FILE = YES;
				INFOPLIST_FILE = NavigationSample/Info.plist;
				INFOPLIST_KEY_UIApplicationSupportsIndirectInputEvents = YES;
				INFOPLIST_KEY_UILaunchStoryboardName = LaunchScreen;
				INFOPLIST_KEY_UIMainStoryboardFile = Main;
				INFOPLIST_KEY_UISupportedInterfaceOrientations_iPad = "UIInterfaceOrientationPortrait UIInterfaceOrientationPortraitUpsideDown UIInterfaceOrientationLandscapeLeft UIInterfaceOrientationLandscapeRight";
				INFOPLIST_KEY_UISupportedInterfaceOrientations_iPhone = "UIInterfaceOrientationPortrait UIInterfaceOrientationLandscapeLeft UIInterfaceOrientationLandscapeRight";
				LD_RUNPATH_SEARCH_PATHS = (
					"$(inherited)",
					"@executable_path/Frameworks",
				);
				MARKETING_VERSION = 1.0;
				PRODUCT_BUNDLE_IDENTIFIER = com.vietmap.NavigationSample;
				PRODUCT_NAME = "$(TARGET_NAME)";
				PROVISIONING_PROFILE_SPECIFIER = "";
				SWIFT_EMIT_LOC_STRINGS = YES;
				SWIFT_VERSION = 5.0;
				TARGETED_DEVICE_FAMILY = "1,2";
			};
			name = Debug;
		};
		BEC846122A13673500B8BE3F /* Release */ = {
			isa = XCBuildConfiguration;
			buildSettings = {
				ASSETCATALOG_COMPILER_APPICON_NAME = AppIcon;
				ASSETCATALOG_COMPILER_GLOBAL_ACCENT_COLOR_NAME = AccentColor;
				CODE_SIGN_IDENTITY = "Apple Development";
				CODE_SIGN_STYLE = Automatic;
				CURRENT_PROJECT_VERSION = 1;
				DEVELOPMENT_TEAM = L276863CKR;
				GENERATE_INFOPLIST_FILE = YES;
				INFOPLIST_FILE = NavigationSample/Info.plist;
				INFOPLIST_KEY_UIApplicationSupportsIndirectInputEvents = YES;
				INFOPLIST_KEY_UILaunchStoryboardName = LaunchScreen;
				INFOPLIST_KEY_UIMainStoryboardFile = Main;
				INFOPLIST_KEY_UISupportedInterfaceOrientations_iPad = "UIInterfaceOrientationPortrait UIInterfaceOrientationPortraitUpsideDown UIInterfaceOrientationLandscapeLeft UIInterfaceOrientationLandscapeRight";
				INFOPLIST_KEY_UISupportedInterfaceOrientations_iPhone = "UIInterfaceOrientationPortrait UIInterfaceOrientationLandscapeLeft UIInterfaceOrientationLandscapeRight";
				LD_RUNPATH_SEARCH_PATHS = (
					"$(inherited)",
					"@executable_path/Frameworks",
				);
				MARKETING_VERSION = 1.0;
				PRODUCT_BUNDLE_IDENTIFIER = com.vietmap.NavigationSample;
				PRODUCT_NAME = "$(TARGET_NAME)";
				PROVISIONING_PROFILE_SPECIFIER = "";
				SWIFT_EMIT_LOC_STRINGS = YES;
				SWIFT_VERSION = 5.0;
				TARGETED_DEVICE_FAMILY = "1,2";
			};
			name = Release;
		};
/* End XCBuildConfiguration section */

/* Begin XCConfigurationList section */
		BEC845F72A13673400B8BE3F /* Build configuration list for PBXProject "NavigationSample" */ = {
			isa = XCConfigurationList;
			buildConfigurations = (
				BEC8460E2A13673500B8BE3F /* Debug */,
				BEC8460F2A13673500B8BE3F /* Release */,
			);
			defaultConfigurationIsVisible = 0;
			defaultConfigurationName = Release;
		};
		BEC846102A13673500B8BE3F /* Build configuration list for PBXNativeTarget "NavigationSample" */ = {
			isa = XCConfigurationList;
			buildConfigurations = (
				BEC846112A13673500B8BE3F /* Debug */,
				BEC846122A13673500B8BE3F /* Release */,
			);
			defaultConfigurationIsVisible = 0;
			defaultConfigurationName = Release;
		};
/* End XCConfigurationList section */

/* Begin XCRemoteSwiftPackageReference section */
		BED8E2712A2F2ABD00E22FD5 /* XCRemoteSwiftPackageReference "maps-sdk-ios" */ = {
			isa = XCRemoteSwiftPackageReference;
			repositoryURL = "https://github.com/vietmap-company/maps-sdk-ios.git";
			requirement = {
				kind = upToNextMajorVersion;
				minimumVersion = 1.0.0;
			};
		};
/* End XCRemoteSwiftPackageReference section */

/* Begin XCSwiftPackageProductDependency section */
		BED8E2722A2F2ABD00E22FD5 /* Mapbox */ = {
			isa = XCSwiftPackageProductDependency;
			package = BED8E2712A2F2ABD00E22FD5 /* XCRemoteSwiftPackageReference "maps-sdk-ios" */;
			productName = Mapbox;
		};
/* End XCSwiftPackageProductDependency section */
	};
	rootObject = BEC845F42A13673400B8BE3F /* Project object */;
}
